// !$*UTF8*$!
{
	archiveVersion = 1;
	classes = {
	};
	objectVersion = 50;
	objects = {

/* Begin PBXBuildFile section */
		3904B601220C5F3900288B8A /* _NoInputAccessoryView.m in Sources */ = {isa = PBXBuildFile; fileRef = 3904B600220C5F3900288B8A /* _NoInputAccessoryView.m */; };
		3918F6C7220EA513008ED212 /* LBXPermissionContacts.m in Sources */ = {isa = PBXBuildFile; fileRef = 3918F6B3220EA512008ED212 /* LBXPermissionContacts.m */; };
		3918F6C8220EA513008ED212 /* LBXPermissionCamera.m in Sources */ = {isa = PBXBuildFile; fileRef = 3918F6B4220EA512008ED212 /* LBXPermissionCamera.m */; };
		3918F6C9220EA513008ED212 /* LBXPermissionPhotos.m in Sources */ = {isa = PBXBuildFile; fileRef = 3918F6B6220EA513008ED212 /* LBXPermissionPhotos.m */; };
		3918F6CA220EA513008ED212 /* LBXPermissionMicrophone.m in Sources */ = {isa = PBXBuildFile; fileRef = 3918F6B7220EA513008ED212 /* LBXPermissionMicrophone.m */; };
		3918F6CB220EA513008ED212 /* LBXPermissionSetting.m in Sources */ = {isa = PBXBuildFile; fileRef = 3918F6B8220EA513008ED212 /* LBXPermissionSetting.m */; };
		3918F6CC220EA513008ED212 /* LBXPermissionNetwork.m in Sources */ = {isa = PBXBuildFile; fileRef = 3918F6BB220EA513008ED212 /* LBXPermissionNetwork.m */; };
		3918F6CD220EA513008ED212 /* LBXPermission.m in Sources */ = {isa = PBXBuildFile; fileRef = 3918F6BC220EA513008ED212 /* LBXPermission.m */; };
		3918F6CE220EA513008ED212 /* LBXPermissionCalendar.m in Sources */ = {isa = PBXBuildFile; fileRef = 3918F6BF220EA513008ED212 /* LBXPermissionCalendar.m */; };
		3918F6CF220EA513008ED212 /* LBXPermissionLocation.m in Sources */ = {isa = PBXBuildFile; fileRef = 3918F6C0220EA513008ED212 /* LBXPermissionLocation.m */; };
		3918F6D0220EA513008ED212 /* LBXPermissionReminders.m in Sources */ = {isa = PBXBuildFile; fileRef = 3918F6C2220EA513008ED212 /* LBXPermissionReminders.m */; };
		3918F6D1220EA513008ED212 /* LBXPermissionHealth.m in Sources */ = {isa = PBXBuildFile; fileRef = 3918F6C5220EA513008ED212 /* LBXPermissionHealth.m */; };
		3918F6DE220EA762008ED212 /* ScanResultViewController.m in Sources */ = {isa = PBXBuildFile; fileRef = 3918F6D5220EA762008ED212 /* ScanResultViewController.m */; };
		3918F6E0220EA762008ED212 /* StyleDIY.m in Sources */ = {isa = PBXBuildFile; fileRef = 3918F6D9220EA762008ED212 /* StyleDIY.m */; };
		3918F6E1220EA762008ED212 /* ScanResultViewController.xib in Resources */ = {isa = PBXBuildFile; fileRef = 3918F6DA220EA762008ED212 /* ScanResultViewController.xib */; };
		3918F6E2220EA763008ED212 /* SettingViewController.m in Sources */ = {isa = PBXBuildFile; fileRef = 3918F6DD220EA762008ED212 /* SettingViewController.m */; };
		3918F6EB220EA76B008ED212 /* Global.m in Sources */ = {isa = PBXBuildFile; fileRef = 3918F6E6220EA76B008ED212 /* Global.m */; };
		3918F6EC220EA76B008ED212 /* DIYScanViewController.m in Sources */ = {isa = PBXBuildFile; fileRef = 3918F6E7220EA76B008ED212 /* DIYScanViewController.m */; };
		3918F6ED220EA76B008ED212 /* CreateBarCodeViewController.m in Sources */ = {isa = PBXBuildFile; fileRef = 3918F6E8220EA76B008ED212 /* CreateBarCodeViewController.m */; };
		3918F6FE220EA7BA008ED212 /* UIImageView+CornerRadius.m in Sources */ = {isa = PBXBuildFile; fileRef = 3918F6F1220EA7BA008ED212 /* UIImageView+CornerRadius.m */; };
		3918F6FF220EA7BA008ED212 /* LBXAlertAction.m in Sources */ = {isa = PBXBuildFile; fileRef = 3918F6F3220EA7BA008ED212 /* LBXAlertAction.m */; };
		3918F700220EA7BA008ED212 /* UIWindow+LBXHierarchy.m in Sources */ = {isa = PBXBuildFile; fileRef = 3918F6F9220EA7BA008ED212 /* UIWindow+LBXHierarchy.m */; };
		3918F701220EA7BA008ED212 /* UIActionSheet+LBXAlertAction.m in Sources */ = {isa = PBXBuildFile; fileRef = 3918F6FA220EA7BA008ED212 /* UIActionSheet+LBXAlertAction.m */; };
		3918F702220EA7BA008ED212 /* UIAlertView+LBXAlertAction.m in Sources */ = {isa = PBXBuildFile; fileRef = 3918F6FB220EA7BA008ED212 /* UIAlertView+LBXAlertAction.m */; };
		3918F703220EA7BA008ED212 /* UIAlertController+supportedInterfaceOrientations.m in Sources */ = {isa = PBXBuildFile; fileRef = 3918F6FC220EA7BA008ED212 /* UIAlertController+supportedInterfaceOrientations.m */; };
		3918F70F220EAD60008ED212 /* MainLBXScanViewController.m in Sources */ = {isa = PBXBuildFile; fileRef = 3918F70E220EAD60008ED212 /* MainLBXScanViewController.m */; };
		3918F715220EBA4E008ED212 /* AudioToolbox.framework in Frameworks */ = {isa = PBXBuildFile; fileRef = 3918F714220EBA4E008ED212 /* AudioToolbox.framework */; };
		3918F718220EBBB4008ED212 /* ScanCodeMgr.m in Sources */ = {isa = PBXBuildFile; fileRef = 3918F717220EBBB4008ED212 /* ScanCodeMgr.m */; };
		393B15632215652D00760767 /* ScanCode.bundle in Resources */ = {isa = PBXBuildFile; fileRef = 393B15622215652D00760767 /* ScanCode.bundle */; };
		39407CD92165B96200501D77 /* www in Resources */ = {isa = PBXBuildFile; fileRef = 39407CD82165B96200501D77 /* www */; };
		39407CE62165C55D00501D77 /* Images.xcassets in Resources */ = {isa = PBXBuildFile; fileRef = 39407CE52165C55D00501D77 /* Images.xcassets */; };
		39967A812135346E00A3EADA /* WebKit.framework in Frameworks */ = {isa = PBXBuildFile; fileRef = 39967A802135346E00A3EADA /* WebKit.framework */; };
		39C7F3152135230100D01F2D /* AppDelegate.m in Sources */ = {isa = PBXBuildFile; fileRef = 39C7F3142135230100D01F2D /* AppDelegate.m */; };
		39C7F3182135230100D01F2D /* ViewController.m in Sources */ = {isa = PBXBuildFile; fileRef = 39C7F3172135230100D01F2D /* ViewController.m */; };
		39C7F31E2135230100D01F2D /* magiccube.xcdatamodeld in Sources */ = {isa = PBXBuildFile; fileRef = 39C7F31C2135230100D01F2D /* magiccube.xcdatamodeld */; };
		39C7F3262135230300D01F2D /* main.m in Sources */ = {isa = PBXBuildFile; fileRef = 39C7F3252135230300D01F2D /* main.m */; };
		39C7F3302135230300D01F2D /* magiccubeTests.m in Sources */ = {isa = PBXBuildFile; fileRef = 39C7F32F2135230300D01F2D /* magiccubeTests.m */; };
		39C7F33B2135230300D01F2D /* magiccubeUITests.m in Sources */ = {isa = PBXBuildFile; fileRef = 39C7F33A2135230300D01F2D /* magiccubeUITests.m */; };
		39D2B04721F31AB7000426A3 /* Main.storyboard in Resources */ = {isa = PBXBuildFile; fileRef = 39D2B04621F31AB7000426A3 /* Main.storyboard */; };
		3B490123221A7B990011B803 /* launch-icon.png in Resources */ = {isa = PBXBuildFile; fileRef = 3B490122221A7B990011B803 /* launch-icon.png */; };
		4105244CB3C208625060A5BD /* libPods-magiccube.a in Frameworks */ = {isa = PBXBuildFile; fileRef = 7785C230FC6EDF71B52CE54A /* libPods-magiccube.a */; };
/* End PBXBuildFile section */

/* Begin PBXContainerItemProxy section */
		39C7F32C2135230300D01F2D /* PBXContainerItemProxy */ = {
			isa = PBXContainerItemProxy;
			containerPortal = 39C7F3082135230100D01F2D /* Project object */;
			proxyType = 1;
			remoteGlobalIDString = 39C7F30F2135230100D01F2D;
			remoteInfo = magiccube;
		};
		39C7F3372135230300D01F2D /* PBXContainerItemProxy */ = {
			isa = PBXContainerItemProxy;
			containerPortal = 39C7F3082135230100D01F2D /* Project object */;
			proxyType = 1;
			remoteGlobalIDString = 39C7F30F2135230100D01F2D;
			remoteInfo = magiccube;
		};
/* End PBXContainerItemProxy section */

/* Begin PBXFileReference section */
		2934341979F079C1FFE60A8C /* Pods-magiccube.debug.xcconfig */ = {isa = PBXFileReference; includeInIndex = 1; lastKnownFileType = text.xcconfig; name = "Pods-magiccube.debug.xcconfig"; path = "Target Support Files/Pods-magiccube/Pods-magiccube.debug.xcconfig"; sourceTree = "<group>"; };
		3904B5FF220C5F3900288B8A /* _NoInputAccessoryView.h */ = {isa = PBXFileReference; lastKnownFileType = sourcecode.c.h; path = _NoInputAccessoryView.h; sourceTree = "<group>"; };
		3904B600220C5F3900288B8A /* _NoInputAccessoryView.m */ = {isa = PBXFileReference; lastKnownFileType = sourcecode.c.objc; path = _NoInputAccessoryView.m; sourceTree = "<group>"; };
		3918F6B1220EA512008ED212 /* LBXPermissionContacts.h */ = {isa = PBXFileReference; fileEncoding = 4; lastKnownFileType = sourcecode.c.h; name = LBXPermissionContacts.h; path = LBXPermissions/LBXPermissionContacts.h; sourceTree = "<group>"; };
		3918F6B2220EA512008ED212 /* LBXPermissionReminders.h */ = {isa = PBXFileReference; fileEncoding = 4; lastKnownFileType = sourcecode.c.h; name = LBXPermissionReminders.h; path = LBXPermissions/LBXPermissionReminders.h; sourceTree = "<group>"; };
		3918F6B3220EA512008ED212 /* LBXPermissionContacts.m */ = {isa = PBXFileReference; fileEncoding = 4; lastKnownFileType = sourcecode.c.objc; name = LBXPermissionContacts.m; path = LBXPermissions/LBXPermissionContacts.m; sourceTree = "<group>"; };
		3918F6B4220EA512008ED212 /* LBXPermissionCamera.m */ = {isa = PBXFileReference; fileEncoding = 4; lastKnownFileType = sourcecode.c.objc; name = LBXPermissionCamera.m; path = LBXPermissions/LBXPermissionCamera.m; sourceTree = "<group>"; };
		3918F6B5220EA512008ED212 /* LBXPermissionNetwork.h */ = {isa = PBXFileReference; fileEncoding = 4; lastKnownFileType = sourcecode.c.h; name = LBXPermissionNetwork.h; path = LBXPermissions/LBXPermissionNetwork.h; sourceTree = "<group>"; };
		3918F6B6220EA513008ED212 /* LBXPermissionPhotos.m */ = {isa = PBXFileReference; fileEncoding = 4; lastKnownFileType = sourcecode.c.objc; name = LBXPermissionPhotos.m; path = LBXPermissions/LBXPermissionPhotos.m; sourceTree = "<group>"; };
		3918F6B7220EA513008ED212 /* LBXPermissionMicrophone.m */ = {isa = PBXFileReference; fileEncoding = 4; lastKnownFileType = sourcecode.c.objc; name = LBXPermissionMicrophone.m; path = LBXPermissions/LBXPermissionMicrophone.m; sourceTree = "<group>"; };
		3918F6B8220EA513008ED212 /* LBXPermissionSetting.m */ = {isa = PBXFileReference; fileEncoding = 4; lastKnownFileType = sourcecode.c.objc; name = LBXPermissionSetting.m; path = LBXPermissions/LBXPermissionSetting.m; sourceTree = "<group>"; };
		3918F6B9220EA513008ED212 /* LBXPermissionLocation.h */ = {isa = PBXFileReference; fileEncoding = 4; lastKnownFileType = sourcecode.c.h; name = LBXPermissionLocation.h; path = LBXPermissions/LBXPermissionLocation.h; sourceTree = "<group>"; };
		3918F6BA220EA513008ED212 /* LBXPermissionHealth.h */ = {isa = PBXFileReference; fileEncoding = 4; lastKnownFileType = sourcecode.c.h; name = LBXPermissionHealth.h; path = LBXPermissions/LBXPermissionHealth.h; sourceTree = "<group>"; };
		3918F6BB220EA513008ED212 /* LBXPermissionNetwork.m */ = {isa = PBXFileReference; fileEncoding = 4; lastKnownFileType = sourcecode.c.objc; name = LBXPermissionNetwork.m; path = LBXPermissions/LBXPermissionNetwork.m; sourceTree = "<group>"; };
		3918F6BC220EA513008ED212 /* LBXPermission.m */ = {isa = PBXFileReference; fileEncoding = 4; lastKnownFileType = sourcecode.c.objc; name = LBXPermission.m; path = LBXPermissions/LBXPermission.m; sourceTree = "<group>"; };
		3918F6BD220EA513008ED212 /* LBXPermission.h */ = {isa = PBXFileReference; fileEncoding = 4; lastKnownFileType = sourcecode.c.h; name = LBXPermission.h; path = LBXPermissions/LBXPermission.h; sourceTree = "<group>"; };
		3918F6BE220EA513008ED212 /* LBXPermissionCalendar.h */ = {isa = PBXFileReference; fileEncoding = 4; lastKnownFileType = sourcecode.c.h; name = LBXPermissionCalendar.h; path = LBXPermissions/LBXPermissionCalendar.h; sourceTree = "<group>"; };
		3918F6BF220EA513008ED212 /* LBXPermissionCalendar.m */ = {isa = PBXFileReference; fileEncoding = 4; lastKnownFileType = sourcecode.c.objc; name = LBXPermissionCalendar.m; path = LBXPermissions/LBXPermissionCalendar.m; sourceTree = "<group>"; };
		3918F6C0220EA513008ED212 /* LBXPermissionLocation.m */ = {isa = PBXFileReference; fileEncoding = 4; lastKnownFileType = sourcecode.c.objc; name = LBXPermissionLocation.m; path = LBXPermissions/LBXPermissionLocation.m; sourceTree = "<group>"; };
		3918F6C1220EA513008ED212 /* LBXPermissionMicrophone.h */ = {isa = PBXFileReference; fileEncoding = 4; lastKnownFileType = sourcecode.c.h; name = LBXPermissionMicrophone.h; path = LBXPermissions/LBXPermissionMicrophone.h; sourceTree = "<group>"; };
		3918F6C2220EA513008ED212 /* LBXPermissionReminders.m */ = {isa = PBXFileReference; fileEncoding = 4; lastKnownFileType = sourcecode.c.objc; name = LBXPermissionReminders.m; path = LBXPermissions/LBXPermissionReminders.m; sourceTree = "<group>"; };
		3918F6C3220EA513008ED212 /* LBXPermissionSetting.h */ = {isa = PBXFileReference; fileEncoding = 4; lastKnownFileType = sourcecode.c.h; name = LBXPermissionSetting.h; path = LBXPermissions/LBXPermissionSetting.h; sourceTree = "<group>"; };
		3918F6C4220EA513008ED212 /* LBXPermissionPhotos.h */ = {isa = PBXFileReference; fileEncoding = 4; lastKnownFileType = sourcecode.c.h; name = LBXPermissionPhotos.h; path = LBXPermissions/LBXPermissionPhotos.h; sourceTree = "<group>"; };
		3918F6C5220EA513008ED212 /* LBXPermissionHealth.m */ = {isa = PBXFileReference; fileEncoding = 4; lastKnownFileType = sourcecode.c.objc; name = LBXPermissionHealth.m; path = LBXPermissions/LBXPermissionHealth.m; sourceTree = "<group>"; };
		3918F6C6220EA513008ED212 /* LBXPermissionCamera.h */ = {isa = PBXFileReference; fileEncoding = 4; lastKnownFileType = sourcecode.c.h; name = LBXPermissionCamera.h; path = LBXPermissions/LBXPermissionCamera.h; sourceTree = "<group>"; };
		3918F6D5220EA762008ED212 /* ScanResultViewController.m */ = {isa = PBXFileReference; fileEncoding = 4; lastKnownFileType = sourcecode.c.objc; path = ScanResultViewController.m; sourceTree = "<group>"; };
		3918F6D6220EA762008ED212 /* StyleDIY.h */ = {isa = PBXFileReference; fileEncoding = 4; lastKnownFileType = sourcecode.c.h; path = StyleDIY.h; sourceTree = "<group>"; };
		3918F6D8220EA762008ED212 /* ScanResultViewController.h */ = {isa = PBXFileReference; fileEncoding = 4; lastKnownFileType = sourcecode.c.h; path = ScanResultViewController.h; sourceTree = "<group>"; };
		3918F6D9220EA762008ED212 /* StyleDIY.m */ = {isa = PBXFileReference; fileEncoding = 4; lastKnownFileType = sourcecode.c.objc; path = StyleDIY.m; sourceTree = "<group>"; };
		3918F6DA220EA762008ED212 /* ScanResultViewController.xib */ = {isa = PBXFileReference; fileEncoding = 4; lastKnownFileType = file.xib; path = ScanResultViewController.xib; sourceTree = "<group>"; };
		3918F6DB220EA762008ED212 /* SettingViewController.h */ = {isa = PBXFileReference; fileEncoding = 4; lastKnownFileType = sourcecode.c.h; path = SettingViewController.h; sourceTree = "<group>"; };
		3918F6DD220EA762008ED212 /* SettingViewController.m */ = {isa = PBXFileReference; fileEncoding = 4; lastKnownFileType = sourcecode.c.objc; path = SettingViewController.m; sourceTree = "<group>"; };
		3918F6E3220EA76A008ED212 /* Global.h */ = {isa = PBXFileReference; fileEncoding = 4; lastKnownFileType = sourcecode.c.h; path = Global.h; sourceTree = "<group>"; };
		3918F6E4220EA76A008ED212 /* CreateBarCodeViewController.h */ = {isa = PBXFileReference; fileEncoding = 4; lastKnownFileType = sourcecode.c.h; path = CreateBarCodeViewController.h; sourceTree = "<group>"; };
		3918F6E6220EA76B008ED212 /* Global.m */ = {isa = PBXFileReference; fileEncoding = 4; lastKnownFileType = sourcecode.c.objc; path = Global.m; sourceTree = "<group>"; };
		3918F6E7220EA76B008ED212 /* DIYScanViewController.m */ = {isa = PBXFileReference; fileEncoding = 4; lastKnownFileType = sourcecode.c.objc; path = DIYScanViewController.m; sourceTree = "<group>"; };
		3918F6E8220EA76B008ED212 /* CreateBarCodeViewController.m */ = {isa = PBXFileReference; fileEncoding = 4; lastKnownFileType = sourcecode.c.objc; path = CreateBarCodeViewController.m; sourceTree = "<group>"; };
		3918F6E9220EA76B008ED212 /* DIYScanViewController.h */ = {isa = PBXFileReference; fileEncoding = 4; lastKnownFileType = sourcecode.c.h; path = DIYScanViewController.h; sourceTree = "<group>"; };
		3918F6F0220EA7BA008ED212 /* UIImageView+CornerRadius.h */ = {isa = PBXFileReference; fileEncoding = 4; lastKnownFileType = sourcecode.c.h; path = "UIImageView+CornerRadius.h"; sourceTree = "<group>"; };
		3918F6F1220EA7BA008ED212 /* UIImageView+CornerRadius.m */ = {isa = PBXFileReference; fileEncoding = 4; lastKnownFileType = sourcecode.c.objc; path = "UIImageView+CornerRadius.m"; sourceTree = "<group>"; };
		3918F6F3220EA7BA008ED212 /* LBXAlertAction.m */ = {isa = PBXFileReference; fileEncoding = 4; lastKnownFileType = sourcecode.c.objc; path = LBXAlertAction.m; sourceTree = "<group>"; };
		3918F6F4220EA7BA008ED212 /* LBXAlertAction.h */ = {isa = PBXFileReference; fileEncoding = 4; lastKnownFileType = sourcecode.c.h; path = LBXAlertAction.h; sourceTree = "<group>"; };
		3918F6F6220EA7BA008ED212 /* UIActionSheet+LBXAlertAction.h */ = {isa = PBXFileReference; fileEncoding = 4; lastKnownFileType = sourcecode.c.h; path = "UIActionSheet+LBXAlertAction.h"; sourceTree = "<group>"; };
		3918F6F7220EA7BA008ED212 /* UIAlertController+supportedInterfaceOrientations.h */ = {isa = PBXFileReference; fileEncoding = 4; lastKnownFileType = sourcecode.c.h; path = "UIAlertController+supportedInterfaceOrientations.h"; sourceTree = "<group>"; };
		3918F6F8220EA7BA008ED212 /* UIAlertView+LBXAlertAction.h */ = {isa = PBXFileReference; fileEncoding = 4; lastKnownFileType = sourcecode.c.h; path = "UIAlertView+LBXAlertAction.h"; sourceTree = "<group>"; };
		3918F6F9220EA7BA008ED212 /* UIWindow+LBXHierarchy.m */ = {isa = PBXFileReference; fileEncoding = 4; lastKnownFileType = sourcecode.c.objc; path = "UIWindow+LBXHierarchy.m"; sourceTree = "<group>"; };
		3918F6FA220EA7BA008ED212 /* UIActionSheet+LBXAlertAction.m */ = {isa = PBXFileReference; fileEncoding = 4; lastKnownFileType = sourcecode.c.objc; path = "UIActionSheet+LBXAlertAction.m"; sourceTree = "<group>"; };
		3918F6FB220EA7BA008ED212 /* UIAlertView+LBXAlertAction.m */ = {isa = PBXFileReference; fileEncoding = 4; lastKnownFileType = sourcecode.c.objc; path = "UIAlertView+LBXAlertAction.m"; sourceTree = "<group>"; };
		3918F6FC220EA7BA008ED212 /* UIAlertController+supportedInterfaceOrientations.m */ = {isa = PBXFileReference; fileEncoding = 4; lastKnownFileType = sourcecode.c.objc; path = "UIAlertController+supportedInterfaceOrientations.m"; sourceTree = "<group>"; };
		3918F6FD220EA7BA008ED212 /* UIWindow+LBXHierarchy.h */ = {isa = PBXFileReference; fileEncoding = 4; lastKnownFileType = sourcecode.c.h; path = "UIWindow+LBXHierarchy.h"; sourceTree = "<group>"; };
		3918F70D220EAD60008ED212 /* MainLBXScanViewController.h */ = {isa = PBXFileReference; lastKnownFileType = sourcecode.c.h; path = MainLBXScanViewController.h; sourceTree = "<group>"; };
		3918F70E220EAD60008ED212 /* MainLBXScanViewController.m */ = {isa = PBXFileReference; lastKnownFileType = sourcecode.c.objc; path = MainLBXScanViewController.m; sourceTree = "<group>"; };
		3918F710220EB176008ED212 /* PrefixHeader.pch */ = {isa = PBXFileReference; lastKnownFileType = sourcecode.c.h; path = PrefixHeader.pch; sourceTree = "<group>"; };
		3918F714220EBA4E008ED212 /* AudioToolbox.framework */ = {isa = PBXFileReference; lastKnownFileType = wrapper.framework; name = AudioToolbox.framework; path = System/Library/Frameworks/AudioToolbox.framework; sourceTree = SDKROOT; };
		3918F716220EBBB4008ED212 /* ScanCodeMgr.h */ = {isa = PBXFileReference; lastKnownFileType = sourcecode.c.h; path = ScanCodeMgr.h; sourceTree = "<group>"; };
		3918F717220EBBB4008ED212 /* ScanCodeMgr.m */ = {isa = PBXFileReference; lastKnownFileType = sourcecode.c.objc; path = ScanCodeMgr.m; sourceTree = "<group>"; };
		393B15622215652D00760767 /* ScanCode.bundle */ = {isa = PBXFileReference; lastKnownFileType = "wrapper.plug-in"; path = ScanCode.bundle; sourceTree = "<group>"; };
		39407CD82165B96200501D77 /* www */ = {isa = PBXFileReference; lastKnownFileType = folder; path = www; sourceTree = "<group>"; };
		39407CE52165C55D00501D77 /* Images.xcassets */ = {isa = PBXFileReference; lastKnownFileType = folder.assetcatalog; path = Images.xcassets; sourceTree = "<group>"; };
		39967A802135346E00A3EADA /* WebKit.framework */ = {isa = PBXFileReference; lastKnownFileType = wrapper.framework; name = WebKit.framework; path = System/Library/Frameworks/WebKit.framework; sourceTree = SDKROOT; };
		39C7F3102135230100D01F2D /* magiccube.app */ = {isa = PBXFileReference; explicitFileType = wrapper.application; includeInIndex = 0; path = magiccube.app; sourceTree = BUILT_PRODUCTS_DIR; };
		39C7F3132135230100D01F2D /* AppDelegate.h */ = {isa = PBXFileReference; lastKnownFileType = sourcecode.c.h; path = AppDelegate.h; sourceTree = "<group>"; };
		39C7F3142135230100D01F2D /* AppDelegate.m */ = {isa = PBXFileReference; lastKnownFileType = sourcecode.c.objc; path = AppDelegate.m; sourceTree = "<group>"; };
		39C7F3162135230100D01F2D /* ViewController.h */ = {isa = PBXFileReference; lastKnownFileType = sourcecode.c.h; path = ViewController.h; sourceTree = "<group>"; };
		39C7F3172135230100D01F2D /* ViewController.m */ = {isa = PBXFileReference; lastKnownFileType = sourcecode.c.objc; path = ViewController.m; sourceTree = "<group>"; };
		39C7F31D2135230100D01F2D /* magiccube.xcdatamodel */ = {isa = PBXFileReference; lastKnownFileType = wrapper.xcdatamodel; path = magiccube.xcdatamodel; sourceTree = "<group>"; };
		39C7F3242135230300D01F2D /* Info.plist */ = {isa = PBXFileReference; lastKnownFileType = text.plist.xml; path = Info.plist; sourceTree = "<group>"; };
		39C7F3252135230300D01F2D /* main.m */ = {isa = PBXFileReference; lastKnownFileType = sourcecode.c.objc; path = main.m; sourceTree = "<group>"; };
		39C7F32B2135230300D01F2D /* magiccubeTests.xctest */ = {isa = PBXFileReference; explicitFileType = wrapper.cfbundle; includeInIndex = 0; path = magiccubeTests.xctest; sourceTree = BUILT_PRODUCTS_DIR; };
		39C7F32F2135230300D01F2D /* magiccubeTests.m */ = {isa = PBXFileReference; lastKnownFileType = sourcecode.c.objc; path = magiccubeTests.m; sourceTree = "<group>"; };
		39C7F3312135230300D01F2D /* Info.plist */ = {isa = PBXFileReference; lastKnownFileType = text.plist.xml; path = Info.plist; sourceTree = "<group>"; };
		39C7F3362135230300D01F2D /* magiccubeUITests.xctest */ = {isa = PBXFileReference; explicitFileType = wrapper.cfbundle; includeInIndex = 0; path = magiccubeUITests.xctest; sourceTree = BUILT_PRODUCTS_DIR; };
		39C7F33A2135230300D01F2D /* magiccubeUITests.m */ = {isa = PBXFileReference; lastKnownFileType = sourcecode.c.objc; path = magiccubeUITests.m; sourceTree = "<group>"; };
		39C7F33C2135230300D01F2D /* Info.plist */ = {isa = PBXFileReference; lastKnownFileType = text.plist.xml; path = Info.plist; sourceTree = "<group>"; };
		39D2B04621F31AB7000426A3 /* Main.storyboard */ = {isa = PBXFileReference; fileEncoding = 4; lastKnownFileType = file.storyboard; path = Main.storyboard; sourceTree = "<group>"; };
		39D2B04821F835BB000426A3 /* magiccube.entitlements */ = {isa = PBXFileReference; lastKnownFileType = text.plist.entitlements; path = magiccube.entitlements; sourceTree = "<group>"; };
		3B490122221A7B990011B803 /* launch-icon.png */ = {isa = PBXFileReference; lastKnownFileType = image.png; name = "launch-icon.png"; path = "../../Desktop/launch-icon.png"; sourceTree = "<group>"; };
		3B490124221A7BC30011B803 /* launch-icon.png */ = {isa = PBXFileReference; lastKnownFileType = image.png; path = "launch-icon.png"; sourceTree = "<group>"; };
		7785C230FC6EDF71B52CE54A /* libPods-magiccube.a */ = {isa = PBXFileReference; explicitFileType = archive.ar; includeInIndex = 0; path = "libPods-magiccube.a"; sourceTree = BUILT_PRODUCTS_DIR; };
		F81784CAB241EFF750E4D4CF /* Pods-magiccube.release.xcconfig */ = {isa = PBXFileReference; includeInIndex = 1; lastKnownFileType = text.xcconfig; name = "Pods-magiccube.release.xcconfig"; path = "Target Support Files/Pods-magiccube/Pods-magiccube.release.xcconfig"; sourceTree = "<group>"; };
/* End PBXFileReference section */

/* Begin PBXFrameworksBuildPhase section */
		39C7F30D2135230100D01F2D /* Frameworks */ = {
			isa = PBXFrameworksBuildPhase;
			buildActionMask = 2147483647;
			files = (
				3918F715220EBA4E008ED212 /* AudioToolbox.framework in Frameworks */,
				39967A812135346E00A3EADA /* WebKit.framework in Frameworks */,
				4105244CB3C208625060A5BD /* libPods-magiccube.a in Frameworks */,
			);
			runOnlyForDeploymentPostprocessing = 0;
		};
		39C7F3282135230300D01F2D /* Frameworks */ = {
			isa = PBXFrameworksBuildPhase;
			buildActionMask = 2147483647;
			files = (
			);
			runOnlyForDeploymentPostprocessing = 0;
		};
		39C7F3332135230300D01F2D /* Frameworks */ = {
			isa = PBXFrameworksBuildPhase;
			buildActionMask = 2147483647;
			files = (
			);
			runOnlyForDeploymentPostprocessing = 0;
		};
/* End PBXFrameworksBuildPhase section */

/* Begin PBXGroup section */
		3918F68C220EA43F008ED212 /* scancode */ = {
			isa = PBXGroup;
			children = (
				3918F6EF220EA7BA008ED212 /* CornerRadiusCategory */,
				3918F6F2220EA7BA008ED212 /* LBXAlertAction */,
				3918F6E4220EA76A008ED212 /* CreateBarCodeViewController.h */,
				3918F6E8220EA76B008ED212 /* CreateBarCodeViewController.m */,
				3918F6E9220EA76B008ED212 /* DIYScanViewController.h */,
				3918F6E7220EA76B008ED212 /* DIYScanViewController.m */,
				3918F6E3220EA76A008ED212 /* Global.h */,
				3918F6E6220EA76B008ED212 /* Global.m */,
				3918F6D8220EA762008ED212 /* ScanResultViewController.h */,
				3918F6D5220EA762008ED212 /* ScanResultViewController.m */,
				3918F6DA220EA762008ED212 /* ScanResultViewController.xib */,
				3918F6DB220EA762008ED212 /* SettingViewController.h */,
				3918F6DD220EA762008ED212 /* SettingViewController.m */,
				3918F6D6220EA762008ED212 /* StyleDIY.h */,
				3918F6D9220EA762008ED212 /* StyleDIY.m */,
				3918F6B0220EA4BA008ED212 /* LBXPermissions */,
				3918F70D220EAD60008ED212 /* MainLBXScanViewController.h */,
				3918F70E220EAD60008ED212 /* MainLBXScanViewController.m */,
				3918F716220EBBB4008ED212 /* ScanCodeMgr.h */,
				3918F717220EBBB4008ED212 /* ScanCodeMgr.m */,
			);
			path = scancode;
			sourceTree = "<group>";
		};
		3918F6B0220EA4BA008ED212 /* LBXPermissions */ = {
			isa = PBXGroup;
			children = (
				3918F6BD220EA513008ED212 /* LBXPermission.h */,
				3918F6BC220EA513008ED212 /* LBXPermission.m */,
				3918F6BE220EA513008ED212 /* LBXPermissionCalendar.h */,
				3918F6BF220EA513008ED212 /* LBXPermissionCalendar.m */,
				3918F6C6220EA513008ED212 /* LBXPermissionCamera.h */,
				3918F6B4220EA512008ED212 /* LBXPermissionCamera.m */,
				3918F6B1220EA512008ED212 /* LBXPermissionContacts.h */,
				3918F6B3220EA512008ED212 /* LBXPermissionContacts.m */,
				3918F6BA220EA513008ED212 /* LBXPermissionHealth.h */,
				3918F6C5220EA513008ED212 /* LBXPermissionHealth.m */,
				3918F6B9220EA513008ED212 /* LBXPermissionLocation.h */,
				3918F6C0220EA513008ED212 /* LBXPermissionLocation.m */,
				3918F6C1220EA513008ED212 /* LBXPermissionMicrophone.h */,
				3918F6B7220EA513008ED212 /* LBXPermissionMicrophone.m */,
				3918F6B5220EA512008ED212 /* LBXPermissionNetwork.h */,
				3918F6BB220EA513008ED212 /* LBXPermissionNetwork.m */,
				3918F6C4220EA513008ED212 /* LBXPermissionPhotos.h */,
				3918F6B6220EA513008ED212 /* LBXPermissionPhotos.m */,
				3918F6B2220EA512008ED212 /* LBXPermissionReminders.h */,
				3918F6C2220EA513008ED212 /* LBXPermissionReminders.m */,
				3918F6C3220EA513008ED212 /* LBXPermissionSetting.h */,
				3918F6B8220EA513008ED212 /* LBXPermissionSetting.m */,
			);
			name = LBXPermissions;
			sourceTree = "<group>";
		};
		3918F6EF220EA7BA008ED212 /* CornerRadiusCategory */ = {
			isa = PBXGroup;
			children = (
				3918F6F0220EA7BA008ED212 /* UIImageView+CornerRadius.h */,
				3918F6F1220EA7BA008ED212 /* UIImageView+CornerRadius.m */,
			);
			path = CornerRadiusCategory;
			sourceTree = "<group>";
		};
		3918F6F2220EA7BA008ED212 /* LBXAlertAction */ = {
			isa = PBXGroup;
			children = (
				3918F6F3220EA7BA008ED212 /* LBXAlertAction.m */,
				3918F6F4220EA7BA008ED212 /* LBXAlertAction.h */,
				3918F6F5220EA7BA008ED212 /* Class */,
			);
			path = LBXAlertAction;
			sourceTree = "<group>";
		};
		3918F6F5220EA7BA008ED212 /* Class */ = {
			isa = PBXGroup;
			children = (
				3918F6F6220EA7BA008ED212 /* UIActionSheet+LBXAlertAction.h */,
				3918F6F7220EA7BA008ED212 /* UIAlertController+supportedInterfaceOrientations.h */,
				3918F6F8220EA7BA008ED212 /* UIAlertView+LBXAlertAction.h */,
				3918F6F9220EA7BA008ED212 /* UIWindow+LBXHierarchy.m */,
				3918F6FA220EA7BA008ED212 /* UIActionSheet+LBXAlertAction.m */,
				3918F6FB220EA7BA008ED212 /* UIAlertView+LBXAlertAction.m */,
				3918F6FC220EA7BA008ED212 /* UIAlertController+supportedInterfaceOrientations.m */,
				3918F6FD220EA7BA008ED212 /* UIWindow+LBXHierarchy.h */,
			);
			path = Class;
			sourceTree = "<group>";
		};
		393B15612215633C00760767 /* Resources */ = {
			isa = PBXGroup;
			children = (
				3B490124221A7BC30011B803 /* launch-icon.png */,
				393B15622215652D00760767 /* ScanCode.bundle */,
			);
			name = Resources;
			sourceTree = "<group>";
		};
		39967A7F2135346E00A3EADA /* Frameworks */ = {
			isa = PBXGroup;
			children = (
				3918F714220EBA4E008ED212 /* AudioToolbox.framework */,
				39967A802135346E00A3EADA /* WebKit.framework */,
				7785C230FC6EDF71B52CE54A /* libPods-magiccube.a */,
			);
			name = Frameworks;
			sourceTree = "<group>";
		};
		39C7F3072135230100D01F2D = {
			isa = PBXGroup;
			children = (
				3918F710220EB176008ED212 /* PrefixHeader.pch */,
				39C7F3122135230100D01F2D /* magiccube */,
				39C7F32E2135230300D01F2D /* magiccubeTests */,
				39C7F3392135230300D01F2D /* magiccubeUITests */,
				39C7F3112135230100D01F2D /* Products */,
				39967A7F2135346E00A3EADA /* Frameworks */,
				9469E06A25C841D3288913AD /* Pods */,
			);
			sourceTree = "<group>";
		};
		39C7F3112135230100D01F2D /* Products */ = {
			isa = PBXGroup;
			children = (
				39C7F3102135230100D01F2D /* magiccube.app */,
				39C7F32B2135230300D01F2D /* magiccubeTests.xctest */,
				39C7F3362135230300D01F2D /* magiccubeUITests.xctest */,
			);
			name = Products;
			sourceTree = "<group>";
		};
		39C7F3122135230100D01F2D /* magiccube */ = {
			isa = PBXGroup;
			children = (
				3B490122221A7B990011B803 /* launch-icon.png */,
				393B15612215633C00760767 /* Resources */,
				3918F68C220EA43F008ED212 /* scancode */,
				39D2B04821F835BB000426A3 /* magiccube.entitlements */,
				39D2B04621F31AB7000426A3 /* Main.storyboard */,
				39407CD82165B96200501D77 /* www */,
				39C7F3132135230100D01F2D /* AppDelegate.h */,
				39C7F3142135230100D01F2D /* AppDelegate.m */,
				39C7F3162135230100D01F2D /* ViewController.h */,
				39C7F3172135230100D01F2D /* ViewController.m */,
				39C7F3242135230300D01F2D /* Info.plist */,
				39C7F3252135230300D01F2D /* main.m */,
				39C7F31C2135230100D01F2D /* magiccube.xcdatamodeld */,
				39407CE52165C55D00501D77 /* Images.xcassets */,
				3904B5FF220C5F3900288B8A /* _NoInputAccessoryView.h */,
				3904B600220C5F3900288B8A /* _NoInputAccessoryView.m */,
			);
			path = magiccube;
			sourceTree = "<group>";
		};
		39C7F32E2135230300D01F2D /* magiccubeTests */ = {
			isa = PBXGroup;
			children = (
				39C7F32F2135230300D01F2D /* magiccubeTests.m */,
				39C7F3312135230300D01F2D /* Info.plist */,
			);
			path = magiccubeTests;
			sourceTree = "<group>";
		};
		39C7F3392135230300D01F2D /* magiccubeUITests */ = {
			isa = PBXGroup;
			children = (
				39C7F33A2135230300D01F2D /* magiccubeUITests.m */,
				39C7F33C2135230300D01F2D /* Info.plist */,
			);
			path = magiccubeUITests;
			sourceTree = "<group>";
		};
		9469E06A25C841D3288913AD /* Pods */ = {
			isa = PBXGroup;
			children = (
				2934341979F079C1FFE60A8C /* Pods-magiccube.debug.xcconfig */,
				F81784CAB241EFF750E4D4CF /* Pods-magiccube.release.xcconfig */,
			);
			path = Pods;
			sourceTree = "<group>";
		};
/* End PBXGroup section */

/* Begin PBXNativeTarget section */
		39C7F30F2135230100D01F2D /* magiccube */ = {
			isa = PBXNativeTarget;
			buildConfigurationList = 39C7F33F2135230300D01F2D /* Build configuration list for PBXNativeTarget "magiccube" */;
			buildPhases = (
				0654BDB50E5D09C2F3119A38 /* [CP] Check Pods Manifest.lock */,
				39C7F30C2135230100D01F2D /* Sources */,
				39C7F30D2135230100D01F2D /* Frameworks */,
				39C7F30E2135230100D01F2D /* Resources */,
				A3DB0A3D55CD9617D6FA3A15 /* [CP] Copy Pods Resources */,
			);
			buildRules = (
			);
			dependencies = (
			);
			name = magiccube;
			productName = magiccube;
			productReference = 39C7F3102135230100D01F2D /* magiccube.app */;
			productType = "com.apple.product-type.application";
		};
		39C7F32A2135230300D01F2D /* magiccubeTests */ = {
			isa = PBXNativeTarget;
			buildConfigurationList = 39C7F3422135230300D01F2D /* Build configuration list for PBXNativeTarget "magiccubeTests" */;
			buildPhases = (
				39C7F3272135230300D01F2D /* Sources */,
				39C7F3282135230300D01F2D /* Frameworks */,
				39C7F3292135230300D01F2D /* Resources */,
			);
			buildRules = (
			);
			dependencies = (
				39C7F32D2135230300D01F2D /* PBXTargetDependency */,
			);
			name = magiccubeTests;
			productName = magiccubeTests;
			productReference = 39C7F32B2135230300D01F2D /* magiccubeTests.xctest */;
			productType = "com.apple.product-type.bundle.unit-test";
		};
		39C7F3352135230300D01F2D /* magiccubeUITests */ = {
			isa = PBXNativeTarget;
			buildConfigurationList = 39C7F3452135230300D01F2D /* Build configuration list for PBXNativeTarget "magiccubeUITests" */;
			buildPhases = (
				39C7F3322135230300D01F2D /* Sources */,
				39C7F3332135230300D01F2D /* Frameworks */,
				39C7F3342135230300D01F2D /* Resources */,
			);
			buildRules = (
			);
			dependencies = (
				39C7F3382135230300D01F2D /* PBXTargetDependency */,
			);
			name = magiccubeUITests;
			productName = magiccubeUITests;
			productReference = 39C7F3362135230300D01F2D /* magiccubeUITests.xctest */;
			productType = "com.apple.product-type.bundle.ui-testing";
		};
/* End PBXNativeTarget section */

/* Begin PBXProject section */
		39C7F3082135230100D01F2D /* Project object */ = {
			isa = PBXProject;
			attributes = {
				LastUpgradeCheck = 0930;
				ORGANIZATIONNAME = magiccube;
				TargetAttributes = {
					39C7F30F2135230100D01F2D = {
						CreatedOnToolsVersion = 9.3;
						SystemCapabilities = {
							com.apple.Push = {
								enabled = 1;
							};
						};
					};
					39C7F32A2135230300D01F2D = {
						CreatedOnToolsVersion = 9.3;
						TestTargetID = 39C7F30F2135230100D01F2D;
					};
					39C7F3352135230300D01F2D = {
						CreatedOnToolsVersion = 9.3;
						TestTargetID = 39C7F30F2135230100D01F2D;
					};
				};
			};
			buildConfigurationList = 39C7F30B2135230100D01F2D /* Build configuration list for PBXProject "magiccube" */;
			compatibilityVersion = "Xcode 9.3";
			developmentRegion = en;
			hasScannedForEncodings = 0;
			knownRegions = (
				en,
				Base,
			);
			mainGroup = 39C7F3072135230100D01F2D;
			productRefGroup = 39C7F3112135230100D01F2D /* Products */;
			projectDirPath = "";
			projectRoot = "";
			targets = (
				39C7F30F2135230100D01F2D /* magiccube */,
				39C7F32A2135230300D01F2D /* magiccubeTests */,
				39C7F3352135230300D01F2D /* magiccubeUITests */,
			);
		};
/* End PBXProject section */

/* Begin PBXResourcesBuildPhase section */
		39C7F30E2135230100D01F2D /* Resources */ = {
			isa = PBXResourcesBuildPhase;
			buildActionMask = 2147483647;
			files = (
				3918F6E1220EA762008ED212 /* ScanResultViewController.xib in Resources */,
				39D2B04721F31AB7000426A3 /* Main.storyboard in Resources */,
				393B15632215652D00760767 /* ScanCode.bundle in Resources */,
				39407CE62165C55D00501D77 /* Images.xcassets in Resources */,
				39407CD92165B96200501D77 /* www in Resources */,
				3B490123221A7B990011B803 /* launch-icon.png in Resources */,
			);
			runOnlyForDeploymentPostprocessing = 0;
		};
		39C7F3292135230300D01F2D /* Resources */ = {
			isa = PBXResourcesBuildPhase;
			buildActionMask = 2147483647;
			files = (
			);
			runOnlyForDeploymentPostprocessing = 0;
		};
		39C7F3342135230300D01F2D /* Resources */ = {
			isa = PBXResourcesBuildPhase;
			buildActionMask = 2147483647;
			files = (
			);
			runOnlyForDeploymentPostprocessing = 0;
		};
/* End PBXResourcesBuildPhase section */

/* Begin PBXShellScriptBuildPhase section */
		0654BDB50E5D09C2F3119A38 /* [CP] Check Pods Manifest.lock */ = {
			isa = PBXShellScriptBuildPhase;
			buildActionMask = 2147483647;
			files = (
			);
			inputFileListPaths = (
			);
			inputPaths = (
				"${PODS_PODFILE_DIR_PATH}/Podfile.lock",
				"${PODS_ROOT}/Manifest.lock",
			);
			name = "[CP] Check Pods Manifest.lock";
			outputFileListPaths = (
			);
			outputPaths = (
				"$(DERIVED_FILE_DIR)/Pods-magiccube-checkManifestLockResult.txt",
			);
			runOnlyForDeploymentPostprocessing = 0;
			shellPath = /bin/sh;
			shellScript = "diff \"${PODS_PODFILE_DIR_PATH}/Podfile.lock\" \"${PODS_ROOT}/Manifest.lock\" > /dev/null\nif [ $? != 0 ] ; then\n    # print error to STDERR\n    echo \"error: The sandbox is not in sync with the Podfile.lock. Run 'pod install' or update your CocoaPods installation.\" >&2\n    exit 1\nfi\n# This output is used by Xcode 'outputs' to avoid re-running this script phase.\necho \"SUCCESS\" > \"${SCRIPT_OUTPUT_FILE_0}\"\n";
			showEnvVarsInLog = 0;
		};
		A3DB0A3D55CD9617D6FA3A15 /* [CP] Copy Pods Resources */ = {
			isa = PBXShellScriptBuildPhase;
			buildActionMask = 2147483647;
			files = (
			);
			inputFileListPaths = (
			);
			inputPaths = (
				"${PODS_ROOT}/Target Support Files/Pods-magiccube/Pods-magiccube-resources.sh",
				"${PODS_ROOT}/LBXScan/LBXScan/UI/CodeScan.bundle",
				"${PODS_ROOT}/ZBarSDK/iphone/res/zbar-back.png",
				"${PODS_ROOT}/ZBarSDK/iphone/res/zbar-help.html",
				"${PODS_ROOT}/ZBarSDK/iphone/res/zbar-helpicons.png",
				"${PODS_ROOT}/ZBarSDK/iphone/res/zbar-samples.png",
			);
			name = "[CP] Copy Pods Resources";
			outputFileListPaths = (
			);
			outputPaths = (
				"${TARGET_BUILD_DIR}/${UNLOCALIZED_RESOURCES_FOLDER_PATH}/CodeScan.bundle",
				"${TARGET_BUILD_DIR}/${UNLOCALIZED_RESOURCES_FOLDER_PATH}/zbar-back.png",
				"${TARGET_BUILD_DIR}/${UNLOCALIZED_RESOURCES_FOLDER_PATH}/zbar-help.html",
				"${TARGET_BUILD_DIR}/${UNLOCALIZED_RESOURCES_FOLDER_PATH}/zbar-helpicons.png",
				"${TARGET_BUILD_DIR}/${UNLOCALIZED_RESOURCES_FOLDER_PATH}/zbar-samples.png",
			);
			runOnlyForDeploymentPostprocessing = 0;
			shellPath = /bin/sh;
			shellScript = "\"${PODS_ROOT}/Target Support Files/Pods-magiccube/Pods-magiccube-resources.sh\"\n";
			showEnvVarsInLog = 0;
		};
/* End PBXShellScriptBuildPhase section */

/* Begin PBXSourcesBuildPhase section */
		39C7F30C2135230100D01F2D /* Sources */ = {
			isa = PBXSourcesBuildPhase;
			buildActionMask = 2147483647;
			files = (
				3918F6CC220EA513008ED212 /* LBXPermissionNetwork.m in Sources */,
				3918F701220EA7BA008ED212 /* UIActionSheet+LBXAlertAction.m in Sources */,
				3918F6CD220EA513008ED212 /* LBXPermission.m in Sources */,
				3918F70F220EAD60008ED212 /* MainLBXScanViewController.m in Sources */,
				3904B601220C5F3900288B8A /* _NoInputAccessoryView.m in Sources */,
				3918F6EB220EA76B008ED212 /* Global.m in Sources */,
				3918F700220EA7BA008ED212 /* UIWindow+LBXHierarchy.m in Sources */,
				3918F702220EA7BA008ED212 /* UIAlertView+LBXAlertAction.m in Sources */,
				39C7F3182135230100D01F2D /* ViewController.m in Sources */,
				3918F6CB220EA513008ED212 /* LBXPermissionSetting.m in Sources */,
				3918F718220EBBB4008ED212 /* ScanCodeMgr.m in Sources */,
				3918F6D1220EA513008ED212 /* LBXPermissionHealth.m in Sources */,
				3918F6C7220EA513008ED212 /* LBXPermissionContacts.m in Sources */,
				39C7F3152135230100D01F2D /* AppDelegate.m in Sources */,
				3918F6FE220EA7BA008ED212 /* UIImageView+CornerRadius.m in Sources */,
				3918F6CA220EA513008ED212 /* LBXPermissionMicrophone.m in Sources */,
				3918F6FF220EA7BA008ED212 /* LBXAlertAction.m in Sources */,
				3918F6ED220EA76B008ED212 /* CreateBarCodeViewController.m in Sources */,
				3918F6EC220EA76B008ED212 /* DIYScanViewController.m in Sources */,
				3918F6CE220EA513008ED212 /* LBXPermissionCalendar.m in Sources */,
				3918F6C9220EA513008ED212 /* LBXPermissionPhotos.m in Sources */,
				3918F703220EA7BA008ED212 /* UIAlertController+supportedInterfaceOrientations.m in Sources */,
				39C7F3262135230300D01F2D /* main.m in Sources */,
				3918F6C8220EA513008ED212 /* LBXPermissionCamera.m in Sources */,
				3918F6E0220EA762008ED212 /* StyleDIY.m in Sources */,
				3918F6DE220EA762008ED212 /* ScanResultViewController.m in Sources */,
				3918F6CF220EA513008ED212 /* LBXPermissionLocation.m in Sources */,
				3918F6D0220EA513008ED212 /* LBXPermissionReminders.m in Sources */,
				39C7F31E2135230100D01F2D /* magiccube.xcdatamodeld in Sources */,
				3918F6E2220EA763008ED212 /* SettingViewController.m in Sources */,
			);
			runOnlyForDeploymentPostprocessing = 0;
		};
		39C7F3272135230300D01F2D /* Sources */ = {
			isa = PBXSourcesBuildPhase;
			buildActionMask = 2147483647;
			files = (
				39C7F3302135230300D01F2D /* magiccubeTests.m in Sources */,
			);
			runOnlyForDeploymentPostprocessing = 0;
		};
		39C7F3322135230300D01F2D /* Sources */ = {
			isa = PBXSourcesBuildPhase;
			buildActionMask = 2147483647;
			files = (
				39C7F33B2135230300D01F2D /* magiccubeUITests.m in Sources */,
			);
			runOnlyForDeploymentPostprocessing = 0;
		};
/* End PBXSourcesBuildPhase section */

/* Begin PBXTargetDependency section */
		39C7F32D2135230300D01F2D /* PBXTargetDependency */ = {
			isa = PBXTargetDependency;
			target = 39C7F30F2135230100D01F2D /* magiccube */;
			targetProxy = 39C7F32C2135230300D01F2D /* PBXContainerItemProxy */;
		};
		39C7F3382135230300D01F2D /* PBXTargetDependency */ = {
			isa = PBXTargetDependency;
			target = 39C7F30F2135230100D01F2D /* magiccube */;
			targetProxy = 39C7F3372135230300D01F2D /* PBXContainerItemProxy */;
		};
/* End PBXTargetDependency section */

/* Begin XCBuildConfiguration section */
		39C7F33D2135230300D01F2D /* Debug */ = {
			isa = XCBuildConfiguration;
			buildSettings = {
				ALWAYS_SEARCH_USER_PATHS = NO;
				CLANG_ANALYZER_NONNULL = YES;
				CLANG_ANALYZER_NUMBER_OBJECT_CONVERSION = YES_AGGRESSIVE;
				CLANG_CXX_LANGUAGE_STANDARD = "gnu++14";
				CLANG_CXX_LIBRARY = "libc++";
				CLANG_ENABLE_MODULES = YES;
				CLANG_ENABLE_OBJC_ARC = YES;
				CLANG_ENABLE_OBJC_WEAK = YES;
				CLANG_WARN_BLOCK_CAPTURE_AUTORELEASING = YES;
				CLANG_WARN_BOOL_CONVERSION = YES;
				CLANG_WARN_COMMA = YES;
				CLANG_WARN_CONSTANT_CONVERSION = YES;
				CLANG_WARN_DEPRECATED_OBJC_IMPLEMENTATIONS = YES;
				CLANG_WARN_DIRECT_OBJC_ISA_USAGE = YES_ERROR;
				CLANG_WARN_DOCUMENTATION_COMMENTS = YES;
				CLANG_WARN_EMPTY_BODY = YES;
				CLANG_WARN_ENUM_CONVERSION = YES;
				CLANG_WARN_INFINITE_RECURSION = YES;
				CLANG_WARN_INT_CONVERSION = YES;
				CLANG_WARN_NON_LITERAL_NULL_CONVERSION = YES;
				CLANG_WARN_OBJC_IMPLICIT_RETAIN_SELF = YES;
				CLANG_WARN_OBJC_LITERAL_CONVERSION = YES;
				CLANG_WARN_OBJC_ROOT_CLASS = YES_ERROR;
				CLANG_WARN_RANGE_LOOP_ANALYSIS = YES;
				CLANG_WARN_STRICT_PROTOTYPES = YES;
				CLANG_WARN_SUSPICIOUS_MOVE = YES;
				CLANG_WARN_UNGUARDED_AVAILABILITY = YES_AGGRESSIVE;
				CLANG_WARN_UNREACHABLE_CODE = YES;
				CLANG_WARN__DUPLICATE_METHOD_MATCH = YES;
				CODE_SIGN_IDENTITY = "iPhone Developer";
				COPY_PHASE_STRIP = NO;
				DEBUG_INFORMATION_FORMAT = dwarf;
				ENABLE_STRICT_OBJC_MSGSEND = YES;
				ENABLE_TESTABILITY = YES;
				GCC_C_LANGUAGE_STANDARD = gnu11;
				GCC_DYNAMIC_NO_PIC = NO;
				GCC_NO_COMMON_BLOCKS = YES;
				GCC_OPTIMIZATION_LEVEL = 0;
				GCC_PREPROCESSOR_DEFINITIONS = (
					"DEBUG=1",
					"$(inherited)",
				);
				GCC_WARN_64_TO_32_BIT_CONVERSION = YES;
				GCC_WARN_ABOUT_RETURN_TYPE = YES_ERROR;
				GCC_WARN_UNDECLARED_SELECTOR = YES;
				GCC_WARN_UNINITIALIZED_AUTOS = YES_AGGRESSIVE;
				GCC_WARN_UNUSED_FUNCTION = YES;
				GCC_WARN_UNUSED_VARIABLE = YES;
				IPHONEOS_DEPLOYMENT_TARGET = 11.3;
				MTL_ENABLE_DEBUG_INFO = YES;
				ONLY_ACTIVE_ARCH = YES;
				SDKROOT = iphoneos;
			};
			name = Debug;
		};
		39C7F33E2135230300D01F2D /* Release */ = {
			isa = XCBuildConfiguration;
			buildSettings = {
				ALWAYS_SEARCH_USER_PATHS = NO;
				CLANG_ANALYZER_NONNULL = YES;
				CLANG_ANALYZER_NUMBER_OBJECT_CONVERSION = YES_AGGRESSIVE;
				CLANG_CXX_LANGUAGE_STANDARD = "gnu++14";
				CLANG_CXX_LIBRARY = "libc++";
				CLANG_ENABLE_MODULES = YES;
				CLANG_ENABLE_OBJC_ARC = YES;
				CLANG_ENABLE_OBJC_WEAK = YES;
				CLANG_WARN_BLOCK_CAPTURE_AUTORELEASING = YES;
				CLANG_WARN_BOOL_CONVERSION = YES;
				CLANG_WARN_COMMA = YES;
				CLANG_WARN_CONSTANT_CONVERSION = YES;
				CLANG_WARN_DEPRECATED_OBJC_IMPLEMENTATIONS = YES;
				CLANG_WARN_DIRECT_OBJC_ISA_USAGE = YES_ERROR;
				CLANG_WARN_DOCUMENTATION_COMMENTS = YES;
				CLANG_WARN_EMPTY_BODY = YES;
				CLANG_WARN_ENUM_CONVERSION = YES;
				CLANG_WARN_INFINITE_RECURSION = YES;
				CLANG_WARN_INT_CONVERSION = YES;
				CLANG_WARN_NON_LITERAL_NULL_CONVERSION = YES;
				CLANG_WARN_OBJC_IMPLICIT_RETAIN_SELF = YES;
				CLANG_WARN_OBJC_LITERAL_CONVERSION = YES;
				CLANG_WARN_OBJC_ROOT_CLASS = YES_ERROR;
				CLANG_WARN_RANGE_LOOP_ANALYSIS = YES;
				CLANG_WARN_STRICT_PROTOTYPES = YES;
				CLANG_WARN_SUSPICIOUS_MOVE = YES;
				CLANG_WARN_UNGUARDED_AVAILABILITY = YES_AGGRESSIVE;
				CLANG_WARN_UNREACHABLE_CODE = YES;
				CLANG_WARN__DUPLICATE_METHOD_MATCH = YES;
				CODE_SIGN_IDENTITY = "iPhone Developer";
				COPY_PHASE_STRIP = NO;
				DEBUG_INFORMATION_FORMAT = "dwarf-with-dsym";
				ENABLE_NS_ASSERTIONS = NO;
				ENABLE_STRICT_OBJC_MSGSEND = YES;
				GCC_C_LANGUAGE_STANDARD = gnu11;
				GCC_NO_COMMON_BLOCKS = YES;
				GCC_WARN_64_TO_32_BIT_CONVERSION = YES;
				GCC_WARN_ABOUT_RETURN_TYPE = YES_ERROR;
				GCC_WARN_UNDECLARED_SELECTOR = YES;
				GCC_WARN_UNINITIALIZED_AUTOS = YES_AGGRESSIVE;
				GCC_WARN_UNUSED_FUNCTION = YES;
				GCC_WARN_UNUSED_VARIABLE = YES;
				IPHONEOS_DEPLOYMENT_TARGET = 11.3;
				MTL_ENABLE_DEBUG_INFO = NO;
				SDKROOT = iphoneos;
				VALIDATE_PRODUCT = YES;
			};
			name = Release;
		};
		39C7F3402135230300D01F2D /* Debug */ = {
			isa = XCBuildConfiguration;
			baseConfigurationReference = 2934341979F079C1FFE60A8C /* Pods-magiccube.debug.xcconfig */;
			buildSettings = {
				ASSETCATALOG_COMPILER_APPICON_NAME = AppIcon;
				CODE_SIGN_ENTITLEMENTS = magiccube/magiccube.entitlements;
				CODE_SIGN_IDENTITY = "iPhone Developer";
				CODE_SIGN_STYLE = Automatic;
				DEVELOPMENT_TEAM = 433777GGBT;
				GCC_PRECOMPILE_PREFIX_HEADER = YES;
				GCC_PREFIX_HEADER = PrefixHeader.pch;
				INFOPLIST_FILE = magiccube/Info.plist;
				IPHONEOS_DEPLOYMENT_TARGET = 10.0;
				LD_RUNPATH_SEARCH_PATHS = (
					"$(inherited)",
					"@executable_path/Frameworks",
				);
				PRODUCT_BUNDLE_IDENTIFIER = com.magic.3e;
				PRODUCT_NAME = "$(TARGET_NAME)";
				PROVISIONING_PROFILE_SPECIFIER = "";
				TARGETED_DEVICE_FAMILY = 1;
			};
			name = Debug;
		};
		39C7F3412135230300D01F2D /* Release */ = {
			isa = XCBuildConfiguration;
			baseConfigurationReference = F81784CAB241EFF750E4D4CF /* Pods-magiccube.release.xcconfig */;
			buildSettings = {
				ASSETCATALOG_COMPILER_APPICON_NAME = AppIcon;
				CODE_SIGN_ENTITLEMENTS = magiccube/magiccube.entitlements;
				CODE_SIGN_IDENTITY = "iPhone Developer";
				CODE_SIGN_STYLE = Automatic;
				DEVELOPMENT_TEAM = 433777GGBT;
				GCC_PRECOMPILE_PREFIX_HEADER = YES;
				GCC_PREFIX_HEADER = PrefixHeader.pch;
				INFOPLIST_FILE = magiccube/Info.plist;
				IPHONEOS_DEPLOYMENT_TARGET = 10.0;
				LD_RUNPATH_SEARCH_PATHS = (
					"$(inherited)",
					"@executable_path/Frameworks",
				);
				PRODUCT_BUNDLE_IDENTIFIER = com.magic.3e;
				PRODUCT_NAME = "$(TARGET_NAME)";
				PROVISIONING_PROFILE_SPECIFIER = "";
				TARGETED_DEVICE_FAMILY = 1;
			};
			name = Release;
		};
		39C7F3432135230300D01F2D /* Debug */ = {
			isa = XCBuildConfiguration;
			buildSettings = {
				BUNDLE_LOADER = "$(TEST_HOST)";
				CODE_SIGN_STYLE = Automatic;
				DEVELOPMENT_TEAM = 3CK2NPHFFR;
				INFOPLIST_FILE = magiccubeTests/Info.plist;
				LD_RUNPATH_SEARCH_PATHS = (
					"$(inherited)",
					"@executable_path/Frameworks",
					"@loader_path/Frameworks",
				);
				PRODUCT_BUNDLE_IDENTIFIER = com.magiccube.exchange.magiccubeTests;
				PRODUCT_NAME = "$(TARGET_NAME)";
				TARGETED_DEVICE_FAMILY = "1,2";
				TEST_HOST = "$(BUILT_PRODUCTS_DIR)/magiccube.app/magiccube";
			};
			name = Debug;
		};
		39C7F3442135230300D01F2D /* Release */ = {
			isa = XCBuildConfiguration;
			buildSettings = {
				BUNDLE_LOADER = "$(TEST_HOST)";
				CODE_SIGN_STYLE = Automatic;
				DEVELOPMENT_TEAM = 3CK2NPHFFR;
				INFOPLIST_FILE = magiccubeTests/Info.plist;
				LD_RUNPATH_SEARCH_PATHS = (
					"$(inherited)",
					"@executable_path/Frameworks",
					"@loader_path/Frameworks",
				);
				PRODUCT_BUNDLE_IDENTIFIER = com.magiccube.exchange.magiccubeTests;
				PRODUCT_NAME = "$(TARGET_NAME)";
				TARGETED_DEVICE_FAMILY = "1,2";
				TEST_HOST = "$(BUILT_PRODUCTS_DIR)/magiccube.app/magiccube";
			};
			name = Release;
		};
		39C7F3462135230300D01F2D /* Debug */ = {
			isa = XCBuildConfiguration;
			buildSettings = {
				CODE_SIGN_STYLE = Automatic;
				DEVELOPMENT_TEAM = 3CK2NPHFFR;
				INFOPLIST_FILE = magiccubeUITests/Info.plist;
				LD_RUNPATH_SEARCH_PATHS = (
					"$(inherited)",
					"@executable_path/Frameworks",
					"@loader_path/Frameworks",
				);
				PRODUCT_BUNDLE_IDENTIFIER = com.magiccube.exchange.magiccubeUITests;
				PRODUCT_NAME = "$(TARGET_NAME)";
				TARGETED_DEVICE_FAMILY = "1,2";
				TEST_TARGET_NAME = magiccube;
			};
			name = Debug;
		};
		39C7F3472135230300D01F2D /* Release */ = {
			isa = XCBuildConfiguration;
			buildSettings = {
				CODE_SIGN_STYLE = Automatic;
				DEVELOPMENT_TEAM = 3CK2NPHFFR;
				INFOPLIST_FILE = magiccubeUITests/Info.plist;
				LD_RUNPATH_SEARCH_PATHS = (
					"$(inherited)",
					"@executable_path/Frameworks",
					"@loader_path/Frameworks",
				);
				PRODUCT_BUNDLE_IDENTIFIER = com.magiccube.exchange.magiccubeUITests;
				PRODUCT_NAME = "$(TARGET_NAME)";
				TARGETED_DEVICE_FAMILY = "1,2";
				TEST_TARGET_NAME = magiccube;
			};
			name = Release;
		};
/* End XCBuildConfiguration section */

/* Begin XCConfigurationList section */
		39C7F30B2135230100D01F2D /* Build configuration list for PBXProject "magiccube" */ = {
			isa = XCConfigurationList;
			buildConfigurations = (
				39C7F33D2135230300D01F2D /* Debug */,
				39C7F33E2135230300D01F2D /* Release */,
			);
			defaultConfigurationIsVisible = 0;
			defaultConfigurationName = Release;
		};
		39C7F33F2135230300D01F2D /* Build configuration list for PBXNativeTarget "magiccube" */ = {
			isa = XCConfigurationList;
			buildConfigurations = (
				39C7F3402135230300D01F2D /* Debug */,
				39C7F3412135230300D01F2D /* Release */,
			);
			defaultConfigurationIsVisible = 0;
			defaultConfigurationName = Release;
		};
		39C7F3422135230300D01F2D /* Build configuration list for PBXNativeTarget "magiccubeTests" */ = {
			isa = XCConfigurationList;
			buildConfigurations = (
				39C7F3432135230300D01F2D /* Debug */,
				39C7F3442135230300D01F2D /* Release */,
			);
			defaultConfigurationIsVisible = 0;
			defaultConfigurationName = Release;
		};
		39C7F3452135230300D01F2D /* Build configuration list for PBXNativeTarget "magiccubeUITests" */ = {
			isa = XCConfigurationList;
			buildConfigurations = (
				39C7F3462135230300D01F2D /* Debug */,
				39C7F3472135230300D01F2D /* Release */,
			);
			defaultConfigurationIsVisible = 0;
			defaultConfigurationName = Release;
		};
/* End XCConfigurationList section */

/* Begin XCVersionGroup section */
		39C7F31C2135230100D01F2D /* magiccube.xcdatamodeld */ = {
			isa = XCVersionGroup;
			children = (
				39C7F31D2135230100D01F2D /* magiccube.xcdatamodel */,
			);
			currentVersion = 39C7F31D2135230100D01F2D /* magiccube.xcdatamodel */;
			path = magiccube.xcdatamodeld;
			sourceTree = "<group>";
			versionGroupType = wrapper.xcdatamodel;
		};
/* End XCVersionGroup section */
	};
	rootObject = 39C7F3082135230100D01F2D /* Project object */;
}
